Microsoft Visual Studio Solution File, Format Version 12.00
# Visual Studio 2012
Project("{FAE04EC0-301F-11D3-BF4B-00C04F79EFBC}") = "OpsToolkit.Server", "OpsToolkit.Server\OpsToolkit.Server.csproj", "{A63C7BF5-4F44-483F-AEBE-6BC26A966C6A}"
EndProject
Project("{FAE04EC0-301F-11D3-BF4B-00C04F79EFBC}") = "OpsToolkit.Client", "OpsToolkit.Client\OpsToolkit.Client.csproj", "{45669A75-BBF3-4484-AF77-B41192BCAA58}"
EndProject
Project("{FAE04EC0-301F-11D3-BF4B-00C04F79EFBC}") = "HPSocketCS", "HPSocketCS\HPSocketCS.csproj", "{DFA935E2-CF37-4E26-B697-D7F3DEE19DD8}"
EndProject
Project("{2150E333-8FDC-42A3-9474-1A3956D46DE8}") = "02 dll", "02 dll", "{EBDCD45E-F4AD-4C71-9D55-96F513600E16}"
EndProject
Project("{2150E333-8FDC-42A3-9474-1A3956D46DE8}") = "01 exe", "01 exe", "{6896E6E2-166D-48E0-8BB7-39CF09AB393B}"
EndProject
Project("{2150E333-8FDC-42A3-9474-1A3956D46DE8}") = "03 Tests", "03 Tests", "{23863653-8D88-4433-8678-E15A7DCD56FD}"
EndProject
Project("{FAE04EC0-301F-11D3-BF4B-00C04F79EFBC}") = "OpsToolkit.Server.Tests", "OpsToolkit.Server.Tests\OpsToolkit.Server.Tests.csproj", "{FF180FF2-2D57-4205-9C48-0B3C14E88208}"
EndProject
Project("{FAE04EC0-301F-11D3-BF4B-00C04F79EFBC}") = "MyClient", "MyClient\MyClient.csproj", "{55970A0B-3D8B-40D6-9EEB-69709894F825}"
EndProject
Project("{FAE04EC0-301F-11D3-BF4B-00C04F79EFBC}") = "Temp", "Temp\Temp.csproj", "{1D50BFB9-F7A4-47A6-B37B-F38ADFC021A6}"
EndProject
Global
	GlobalSection(SolutionConfigurationPlatforms) = preSolution
		Debug|Any CPU = Debug|Any CPU
		Debug|x64 = Debug|x64
		Release|Any CPU = Release|Any CPU
		Release|x64 = Release|x64
	EndGlobalSection
	GlobalSection(ProjectConfigurationPlatforms) = postSolution
		{A63C7BF5-4F44-483F-AEBE-6BC26A966C6A}.Debug|Any CPU.ActiveCfg = Debug|Any CPU
		{A63C7BF5-4F44-483F-AEBE-6BC26A966C6A}.Debug|Any CPU.Build.0 = Debug|Any CPU
		{A63C7BF5-4F44-483F-AEBE-6BC26A966C6A}.Debug|x64.ActiveCfg = Debug|Any CPU
		{A63C7BF5-4F44-483F-AEBE-6BC26A966C6A}.Release|Any CPU.ActiveCfg = Release|Any CPU
		{A63C7BF5-4F44-483F-AEBE-6BC26A966C6A}.Release|Any CPU.Build.0 = Release|Any CPU
		{A63C7BF5-4F44-483F-AEBE-6BC26A966C6A}.Release|x64.ActiveCfg = Release|Any CPU
		{45669A75-BBF3-4484-AF77-B41192BCAA58}.Debug|Any CPU.ActiveCfg = Debug|Any CPU
		{45669A75-BBF3-4484-AF77-B41192BCAA58}.Debug|Any CPU.Build.0 = Debug|Any CPU
		{45669A75-BBF3-4484-AF77-B41192BCAA58}.Debug|x64.ActiveCfg = Debug|Any CPU
		{45669A75-BBF3-4484-AF77-B41192BCAA58}.Release|Any CPU.ActiveCfg = Release|Any CPU
		{45669A75-BBF3-4484-AF77-B41192BCAA58}.Release|Any CPU.Build.0 = Release|Any CPU
		{45669A75-BBF3-4484-AF77-B41192BCAA58}.Release|x64.ActiveCfg = Release|Any CPU
		{DFA935E2-CF37-4E26-B697-D7F3DEE19DD8}.Debug|Any CPU.ActiveCfg = Release|Any CPU
		{DFA935E2-CF37-4E26-B697-D7F3DEE19DD8}.Debug|Any CPU.Build.0 = Release|Any CPU
		{DFA935E2-CF37-4E26-B697-D7F3DEE19DD8}.Debug|x64.ActiveCfg = Debug|Any CPU
		{DFA935E2-CF37-4E26-B697-D7F3DEE19DD8}.Release|Any CPU.ActiveCfg = Release|Any CPU
		{DFA935E2-CF37-4E26-B697-D7F3DEE19DD8}.Release|Any CPU.Build.0 = Release|Any CPU
		{DFA935E2-CF37-4E26-B697-D7F3DEE19DD8}.Release|x64.ActiveCfg = Release|Any CPU
		{FF180FF2-2D57-4205-9C48-0B3C14E88208}.Debug|Any CPU.ActiveCfg = Debug|Any CPU
		{FF180FF2-2D57-4205-9C48-0B3C14E88208}.Debug|Any CPU.Build.0 = Debug|Any CPU
		{FF180FF2-2D57-4205-9C48-0B3C14E88208}.Debug|x64.ActiveCfg = Debug|Any CPU
		{FF180FF2-2D57-4205-9C48-0B3C14E88208}.Release|Any CPU.ActiveCfg = Release|Any CPU
		{FF180FF2-2D57-4205-9C48-0B3C14E88208}.Release|Any CPU.Build.0 = Release|Any CPU
		{FF180FF2-2D57-4205-9C48-0B3C14E88208}.Release|x64.ActiveCfg = Release|Any CPU
		{55970A0B-3D8B-40D6-9EEB-69709894F825}.Debug|Any CPU.ActiveCfg = Debug|Any CPU
		{55970A0B-3D8B-40D6-9EEB-69709894F825}.Debug|Any CPU.Build.0 = Debug|Any CPU
		{55970A0B-3D8B-40D6-9EEB-69709894F825}.Debug|x64.ActiveCfg = Debug|Any CPU
		{55970A0B-3D8B-40D6-9EEB-69709894F825}.Release|Any CPU.ActiveCfg = Release|Any CPU
		{55970A0B-3D8B-40D6-9EEB-69709894F825}.Release|Any CPU.Build.0 = Release|Any CPU
		{55970A0B-3D8B-40D6-9EEB-69709894F825}.Release|x64.ActiveCfg = Release|Any CPU
		{1D50BFB9-F7A4-47A6-B37B-F38ADFC021A6}.Debug|Any CPU.ActiveCfg = Debug|Any CPU
		{1D50BFB9-F7A4-47A6-B37B-F38ADFC021A6}.Debug|Any CPU.Build.0 = Debug|Any CPU
		{1D50BFB9-F7A4-47A6-B37B-F38ADFC021A6}.Debug|x64.ActiveCfg = Debug|Any CPU
		{1D50BFB9-F7A4-47A6-B37B-F38ADFC021A6}.Release|Any CPU.ActiveCfg = Release|Any CPU
		{1D50BFB9-F7A4-47A6-B37B-F38ADFC021A6}.Release|Any CPU.Build.0 = Release|Any CPU
		{1D50BFB9-F7A4-47A6-B37B-F38ADFC021A6}.Release|x64.ActiveCfg = Release|Any CPU
	EndGlobalSection
	GlobalSection(SolutionProperties) = preSolution
		HideSolutionNode = FALSE
	EndGlobalSection
	GlobalSection(NestedProjects) = preSolution
		{45669A75-BBF3-4484-AF77-B41192BCAA58} = {6896E6E2-166D-48E0-8BB7-39CF09AB393B}
		{A63C7BF5-4F44-483F-AEBE-6BC26A966C6A} = {6896E6E2-166D-48E0-8BB7-39CF09AB393B}
		{55970A0B-3D8B-40D6-9EEB-69709894F825} = {6896E6E2-166D-48E0-8BB7-39CF09AB393B}
		{1D50BFB9-F7A4-47A6-B37B-F38ADFC021A6} = {6896E6E2-166D-48E0-8BB7-39CF09AB393B}
		{DFA935E2-CF37-4E26-B697-D7F3DEE19DD8} = {EBDCD45E-F4AD-4C71-9D55-96F513600E16}
		{FF180FF2-2D57-4205-9C48-0B3C14E88208} = {23863653-8D88-4433-8678-E15A7DCD56FD}
	EndGlobalSection
EndGlobal
